
Microsoft Visual Studio Solution File, Format Version 12.00
# Visual Studio Version 17
VisualStudioVersion = 17.7.34302.85
MinimumVisualStudioVersion = 10.0.40219.1
Project("{FAE04EC0-301F-11D3-BF4B-00C04F79EFBC}") = "BattleBoats", "BattleBoats\BattleBoats.csproj", "{6D782868-226F-482F-9724-2560EE1A0275}"
EndProject
Global
	GlobalSection(SolutionConfigurationPlatforms) = preSolution
		Debug|Any CPU = Debug|Any CPU
		Release|Any CPU = Release|Any CPU
	EndGlobalSection
	GlobalSection(ProjectConfigurationPlatforms) = postSolution
		{6D782868-226F-482F-9724-2560EE1A0275}.Debug|Any CPU.ActiveCfg = Debug|Any CPU
		{6D782868-226F-482F-9724-2560EE1A0275}.Debug|Any CPU.Build.0 = Debug|Any CPU
		{6D782868-226F-482F-9724-2560EE1A0275}.Release|Any CPU.ActiveCfg = Release|Any CPU
		{6D782868-226F-482F-9724-2560EE1A0275}.Release|Any CPU.Build.0 = Release|Any CPU
	EndGlobalSection
	GlobalSection(SolutionProperties) = preSolution
		HideSolutionNode = FALSE
	EndGlobalSection
	GlobalSection(ExtensibilityGlobals) = postSolution
		SolutionGuid = {E9A0EE0C-E157-42FE-A28B-4FE5AA3BD486}
	EndGlobalSection
EndGlobal
