
Microsoft Visual Studio Solution File, Format Version 12.00
# Visual Studio Version 17
VisualStudioVersion = 17.5.002.0
MinimumVisualStudioVersion = 10.0.40219.1
Project("{9A19103F-16F7-4668-BE54-9A1E7A4F7556}") = "BattleBoats", "BattleBoats.csproj", "{90FE65D8-681F-44C4-961C-85D56839CC20}"
EndProject
Global
	GlobalSection(SolutionConfigurationPlatforms) = preSolution
		Debug|Any CPU = Debug|Any CPU
		Release|Any CPU = Release|Any CPU
	EndGlobalSection
	GlobalSection(ProjectConfigurationPlatforms) = postSolution
		{90FE65D8-681F-44C4-961C-85D56839CC20}.Debug|Any CPU.ActiveCfg = Debug|Any CPU
		{90FE65D8-681F-44C4-961C-85D56839CC20}.Debug|Any CPU.Build.0 = Debug|Any CPU
		{90FE65D8-681F-44C4-961C-85D56839CC20}.Release|Any CPU.ActiveCfg = Release|Any CPU
		{90FE65D8-681F-44C4-961C-85D56839CC20}.Release|Any CPU.Build.0 = Release|Any CPU
	EndGlobalSection
	GlobalSection(SolutionProperties) = preSolution
		HideSolutionNode = FALSE
	EndGlobalSection
	GlobalSection(ExtensibilityGlobals) = postSolution
		SolutionGuid = {31634843-A00F-46D7-8D2F-EC6F14D32F74}
	EndGlobalSection
EndGlobal
